
Microsoft Visual Studio Solution File, Format Version 12.00
# Visual Studio 15
VisualStudioVersion = 15.0.28307.757
MinimumVisualStudioVersion = 10.0.40219.1
Project("{8BC9CEB8-8B4A-11D0-8D11-00A0C91BC942}") = "Lab1-2", "Lab1-2\Lab1-2.vcxproj", "{B5127757-2C5D-4C12-9403-E80A75B07472}"
EndProject
Global
	GlobalSection(SolutionConfigurationPlatforms) = preSolution
		Debug|x64 = Debug|x64
		Debug|x86 = Debug|x86
		Release|x64 = Release|x64
		Release|x86 = Release|x86
	EndGlobalSection
	GlobalSection(ProjectConfigurationPlatforms) = postSolution
		{B5127757-2C5D-4C12-9403-E80A75B07472}.Debug|x64.ActiveCfg = Debug|x64
		{B5127757-2C5D-4C12-9403-E80A75B07472}.Debug|x64.Build.0 = Debug|x64
		{B5127757-2C5D-4C12-9403-E80A75B07472}.Debug|x86.ActiveCfg = Debug|Win32
		{B5127757-2C5D-4C12-9403-E80A75B07472}.Debug|x86.Build.0 = Debug|Win32
		{B5127757-2C5D-4C12-9403-E80A75B07472}.Release|x64.ActiveCfg = Release|x64
		{B5127757-2C5D-4C12-9403-E80A75B07472}.Release|x64.Build.0 = Release|x64
		{B5127757-2C5D-4C12-9403-E80A75B07472}.Release|x86.ActiveCfg = Release|Win32
		{B5127757-2C5D-4C12-9403-E80A75B07472}.Release|x86.Build.0 = Release|Win32
	EndGlobalSection
	GlobalSection(SolutionProperties) = preSolution
		HideSolutionNode = FALSE
	EndGlobalSection
	GlobalSection(ExtensibilityGlobals) = postSolution
		SolutionGuid = {64FE28B4-8B40-425B-816D-7AFCD0417B0C}
	EndGlobalSection
EndGlobal
